// !$*UTF8*$!
{
	archiveVersion = 1;
	classes = {
	};
	objectVersion = 56;
	objects = {

/* Begin PBXBuildFile section */
		FCE306032BCE9EDD009FEC95 /* NC1App.swift in Sources */ = {isa = PBXBuildFile; fileRef = FCE306022BCE9EDD009FEC95 /* NC1App.swift */; };
		FCE306052BCE9EDD009FEC95 /* Calendar.swift in Sources */ = {isa = PBXBuildFile; fileRef = FCE306042BCE9EDD009FEC95 /* Calendar.swift */; };
		FCE306072BCE9EDF009FEC95 /* Assets.xcassets in Resources */ = {isa = PBXBuildFile; fileRef = FCE306062BCE9EDF009FEC95 /* Assets.xcassets */; };
		FCE3060A2BCE9EDF009FEC95 /* Preview Assets.xcassets in Resources */ = {isa = PBXBuildFile; fileRef = FCE306092BCE9EDF009FEC95 /* Preview Assets.xcassets */; };
		FCE306142BCE9EDF009FEC95 /* NC1Tests.swift in Sources */ = {isa = PBXBuildFile; fileRef = FCE306132BCE9EDF009FEC95 /* NC1Tests.swift */; };
		FCE3061E2BCE9EDF009FEC95 /* NC1UITests.swift in Sources */ = {isa = PBXBuildFile; fileRef = FCE3061D2BCE9EDF009FEC95 /* NC1UITests.swift */; };
		FCE306202BCE9EDF009FEC95 /* NC1UITestsLaunchTests.swift in Sources */ = {isa = PBXBuildFile; fileRef = FCE3061F2BCE9EDF009FEC95 /* NC1UITestsLaunchTests.swift */; };
		FCE3062D2BCE9F48009FEC95 /* ListItem.swift in Sources */ = {isa = PBXBuildFile; fileRef = FCE3062C2BCE9F48009FEC95 /* ListItem.swift */; };
		FCE3062F2BCE9F6C009FEC95 /* SheetView.swift in Sources */ = {isa = PBXBuildFile; fileRef = FCE3062E2BCE9F6C009FEC95 /* SheetView.swift */; };
		FCE306372BCEA126009FEC95 /* NC1_WApp.swift in Sources */ = {isa = PBXBuildFile; fileRef = FCE306362BCEA126009FEC95 /* NC1_WApp.swift */; };
		FCE306392BCEA126009FEC95 /* SheetViewWatch.swift in Sources */ = {isa = PBXBuildFile; fileRef = FCE306382BCEA126009FEC95 /* SheetViewWatch.swift */; };
		FCE3063B2BCEA128009FEC95 /* Assets.xcassets in Resources */ = {isa = PBXBuildFile; fileRef = FCE3063A2BCEA128009FEC95 /* Assets.xcassets */; };
		FCE3063E2BCEA128009FEC95 /* Preview Assets.xcassets in Resources */ = {isa = PBXBuildFile; fileRef = FCE3063D2BCEA128009FEC95 /* Preview Assets.xcassets */; };
		FCE306482BCEA128009FEC95 /* NC1_W_Watch_AppTests.swift in Sources */ = {isa = PBXBuildFile; fileRef = FCE306472BCEA128009FEC95 /* NC1_W_Watch_AppTests.swift */; };
		FCE306522BCEA128009FEC95 /* NC1_W_Watch_AppUITests.swift in Sources */ = {isa = PBXBuildFile; fileRef = FCE306512BCEA128009FEC95 /* NC1_W_Watch_AppUITests.swift */; };
		FCE306542BCEA128009FEC95 /* NC1_W_Watch_AppUITestsLaunchTests.swift in Sources */ = {isa = PBXBuildFile; fileRef = FCE306532BCEA128009FEC95 /* NC1_W_Watch_AppUITestsLaunchTests.swift */; };
		FCE306572BCEA128009FEC95 /* NC1_W Watch App.app in Embed Watch Content */ = {isa = PBXBuildFile; fileRef = FCE306342BCEA126009FEC95 /* NC1_W Watch App.app */; settings = {ATTRIBUTES = (RemoveHeadersOnCopy, ); }; };
		FCE306632BCEA173009FEC95 /* ListItemWatch.swift in Sources */ = {isa = PBXBuildFile; fileRef = FCE306622BCEA173009FEC95 /* ListItemWatch.swift */; };
		FCE306642BD0E556009FEC95 /* ListItem.swift in Sources */ = {isa = PBXBuildFile; fileRef = FCE3062C2BCE9F48009FEC95 /* ListItem.swift */; };
/* End PBXBuildFile section */

/* Begin PBXContainerItemProxy section */
		FCE306102BCE9EDF009FEC95 /* PBXContainerItemProxy */ = {
			isa = PBXContainerItemProxy;
			containerPortal = FCE305F72BCE9EDD009FEC95 /* Project object */;
			proxyType = 1;
			remoteGlobalIDString = FCE305FE2BCE9EDD009FEC95;
			remoteInfo = NC1;
		};
		FCE3061A2BCE9EDF009FEC95 /* PBXContainerItemProxy */ = {
			isa = PBXContainerItemProxy;
			containerPortal = FCE305F72BCE9EDD009FEC95 /* Project object */;
			proxyType = 1;
			remoteGlobalIDString = FCE305FE2BCE9EDD009FEC95;
			remoteInfo = NC1;
		};
		FCE306442BCEA128009FEC95 /* PBXContainerItemProxy */ = {
			isa = PBXContainerItemProxy;
			containerPortal = FCE305F72BCE9EDD009FEC95 /* Project object */;
			proxyType = 1;
			remoteGlobalIDString = FCE306332BCEA126009FEC95;
			remoteInfo = "NC1_W Watch App";
		};
		FCE3064E2BCEA128009FEC95 /* PBXContainerItemProxy */ = {
			isa = PBXContainerItemProxy;
			containerPortal = FCE305F72BCE9EDD009FEC95 /* Project object */;
			proxyType = 1;
			remoteGlobalIDString = FCE306332BCEA126009FEC95;
			remoteInfo = "NC1_W Watch App";
		};
		FCE306552BCEA128009FEC95 /* PBXContainerItemProxy */ = {
			isa = PBXContainerItemProxy;
			containerPortal = FCE305F72BCE9EDD009FEC95 /* Project object */;
			proxyType = 1;
			remoteGlobalIDString = FCE306332BCEA126009FEC95;
			remoteInfo = "NC1_W Watch App";
		};
/* End PBXContainerItemProxy section */

/* Begin PBXCopyFilesBuildPhase section */
		FCE3065B2BCEA128009FEC95 /* Embed Watch Content */ = {
			isa = PBXCopyFilesBuildPhase;
			buildActionMask = 2147483647;
			dstPath = "$(CONTENTS_FOLDER_PATH)/Watch";
			dstSubfolderSpec = 16;
			files = (
				FCE306572BCEA128009FEC95 /* NC1_W Watch App.app in Embed Watch Content */,
			);
			name = "Embed Watch Content";
			runOnlyForDeploymentPostprocessing = 0;
		};
/* End PBXCopyFilesBuildPhase section */

/* Begin PBXFileReference section */
		FCE305FF2BCE9EDD009FEC95 /* NC1.app */ = {isa = PBXFileReference; explicitFileType = wrapper.application; includeInIndex = 0; path = NC1.app; sourceTree = BUILT_PRODUCTS_DIR; };
		FCE306022BCE9EDD009FEC95 /* NC1App.swift */ = {isa = PBXFileReference; lastKnownFileType = sourcecode.swift; path = NC1App.swift; sourceTree = "<group>"; };
		FCE306042BCE9EDD009FEC95 /* Calendar.swift */ = {isa = PBXFileReference; lastKnownFileType = sourcecode.swift; path = Calendar.swift; sourceTree = "<group>"; };
		FCE306062BCE9EDF009FEC95 /* Assets.xcassets */ = {isa = PBXFileReference; lastKnownFileType = folder.assetcatalog; path = Assets.xcassets; sourceTree = "<group>"; };
		FCE306092BCE9EDF009FEC95 /* Preview Assets.xcassets */ = {isa = PBXFileReference; lastKnownFileType = folder.assetcatalog; path = "Preview Assets.xcassets"; sourceTree = "<group>"; };
		FCE3060F2BCE9EDF009FEC95 /* NC1Tests.xctest */ = {isa = PBXFileReference; explicitFileType = wrapper.cfbundle; includeInIndex = 0; path = NC1Tests.xctest; sourceTree = BUILT_PRODUCTS_DIR; };
		FCE306132BCE9EDF009FEC95 /* NC1Tests.swift */ = {isa = PBXFileReference; lastKnownFileType = sourcecode.swift; path = NC1Tests.swift; sourceTree = "<group>"; };
		FCE306192BCE9EDF009FEC95 /* NC1UITests.xctest */ = {isa = PBXFileReference; explicitFileType = wrapper.cfbundle; includeInIndex = 0; path = NC1UITests.xctest; sourceTree = BUILT_PRODUCTS_DIR; };
		FCE3061D2BCE9EDF009FEC95 /* NC1UITests.swift */ = {isa = PBXFileReference; lastKnownFileType = sourcecode.swift; path = NC1UITests.swift; sourceTree = "<group>"; };
		FCE3061F2BCE9EDF009FEC95 /* NC1UITestsLaunchTests.swift */ = {isa = PBXFileReference; lastKnownFileType = sourcecode.swift; path = NC1UITestsLaunchTests.swift; sourceTree = "<group>"; };
		FCE3062C2BCE9F48009FEC95 /* ListItem.swift */ = {isa = PBXFileReference; lastKnownFileType = sourcecode.swift; path = ListItem.swift; sourceTree = "<group>"; };
		FCE3062E2BCE9F6C009FEC95 /* SheetView.swift */ = {isa = PBXFileReference; lastKnownFileType = sourcecode.swift; path = SheetView.swift; sourceTree = "<group>"; };
		FCE306342BCEA126009FEC95 /* NC1_W Watch App.app */ = {isa = PBXFileReference; explicitFileType = wrapper.application; includeInIndex = 0; path = "NC1_W Watch App.app"; sourceTree = BUILT_PRODUCTS_DIR; };
		FCE306362BCEA126009FEC95 /* NC1_WApp.swift */ = {isa = PBXFileReference; lastKnownFileType = sourcecode.swift; path = NC1_WApp.swift; sourceTree = "<group>"; };
		FCE306382BCEA126009FEC95 /* SheetViewWatch.swift */ = {isa = PBXFileReference; lastKnownFileType = sourcecode.swift; path = SheetViewWatch.swift; sourceTree = "<group>"; };
		FCE3063A2BCEA128009FEC95 /* Assets.xcassets */ = {isa = PBXFileReference; lastKnownFileType = folder.assetcatalog; path = Assets.xcassets; sourceTree = "<group>"; };
		FCE3063D2BCEA128009FEC95 /* Preview Assets.xcassets */ = {isa = PBXFileReference; lastKnownFileType = folder.assetcatalog; path = "Preview Assets.xcassets"; sourceTree = "<group>"; };
		FCE306432BCEA128009FEC95 /* NC1_W Watch AppTests.xctest */ = {isa = PBXFileReference; explicitFileType = wrapper.cfbundle; includeInIndex = 0; path = "NC1_W Watch AppTests.xctest"; sourceTree = BUILT_PRODUCTS_DIR; };
		FCE306472BCEA128009FEC95 /* NC1_W_Watch_AppTests.swift */ = {isa = PBXFileReference; lastKnownFileType = sourcecode.swift; path = NC1_W_Watch_AppTests.swift; sourceTree = "<group>"; };
		FCE3064D2BCEA128009FEC95 /* NC1_W Watch AppUITests.xctest */ = {isa = PBXFileReference; explicitFileType = wrapper.cfbundle; includeInIndex = 0; path = "NC1_W Watch AppUITests.xctest"; sourceTree = BUILT_PRODUCTS_DIR; };
		FCE306512BCEA128009FEC95 /* NC1_W_Watch_AppUITests.swift */ = {isa = PBXFileReference; lastKnownFileType = sourcecode.swift; path = NC1_W_Watch_AppUITests.swift; sourceTree = "<group>"; };
		FCE306532BCEA128009FEC95 /* NC1_W_Watch_AppUITestsLaunchTests.swift */ = {isa = PBXFileReference; lastKnownFileType = sourcecode.swift; path = NC1_W_Watch_AppUITestsLaunchTests.swift; sourceTree = "<group>"; };
		FCE306622BCEA173009FEC95 /* ListItemWatch.swift */ = {isa = PBXFileReference; lastKnownFileType = sourcecode.swift; path = ListItemWatch.swift; sourceTree = "<group>"; };
/* End PBXFileReference section */

/* Begin PBXFrameworksBuildPhase section */
		FCE305FC2BCE9EDD009FEC95 /* Frameworks */ = {
			isa = PBXFrameworksBuildPhase;
			buildActionMask = 2147483647;
			files = (
			);
			runOnlyForDeploymentPostprocessing = 0;
		};
		FCE3060C2BCE9EDF009FEC95 /* Frameworks */ = {
			isa = PBXFrameworksBuildPhase;
			buildActionMask = 2147483647;
			files = (
			);
			runOnlyForDeploymentPostprocessing = 0;
		};
		FCE306162BCE9EDF009FEC95 /* Frameworks */ = {
			isa = PBXFrameworksBuildPhase;
			buildActionMask = 2147483647;
			files = (
			);
			runOnlyForDeploymentPostprocessing = 0;
		};
		FCE306312BCEA126009FEC95 /* Frameworks */ = {
			isa = PBXFrameworksBuildPhase;
			buildActionMask = 2147483647;
			files = (
			);
			runOnlyForDeploymentPostprocessing = 0;
		};
		FCE306402BCEA128009FEC95 /* Frameworks */ = {
			isa = PBXFrameworksBuildPhase;
			buildActionMask = 2147483647;
			files = (
			);
			runOnlyForDeploymentPostprocessing = 0;
		};
		FCE3064A2BCEA128009FEC95 /* Frameworks */ = {
			isa = PBXFrameworksBuildPhase;
			buildActionMask = 2147483647;
			files = (
			);
			runOnlyForDeploymentPostprocessing = 0;
		};
/* End PBXFrameworksBuildPhase section */

/* Begin PBXGroup section */
		FCE305F62BCE9EDD009FEC95 = {
			isa = PBXGroup;
			children = (
				FCE306352BCEA126009FEC95 /* NC1_W Watch App */,
				FCE306012BCE9EDD009FEC95 /* NC1 */,
				FCE306122BCE9EDF009FEC95 /* NC1Tests */,
				FCE3061C2BCE9EDF009FEC95 /* NC1UITests */,
				FCE306462BCEA128009FEC95 /* NC1_W Watch AppTests */,
				FCE306502BCEA128009FEC95 /* NC1_W Watch AppUITests */,
				FCE306002BCE9EDD009FEC95 /* Products */,
			);
			sourceTree = "<group>";
		};
		FCE306002BCE9EDD009FEC95 /* Products */ = {
			isa = PBXGroup;
			children = (
				FCE305FF2BCE9EDD009FEC95 /* NC1.app */,
				FCE3060F2BCE9EDF009FEC95 /* NC1Tests.xctest */,
				FCE306192BCE9EDF009FEC95 /* NC1UITests.xctest */,
				FCE306342BCEA126009FEC95 /* NC1_W Watch App.app */,
				FCE306432BCEA128009FEC95 /* NC1_W Watch AppTests.xctest */,
				FCE3064D2BCEA128009FEC95 /* NC1_W Watch AppUITests.xctest */,
			);
			name = Products;
			sourceTree = "<group>";
		};
		FCE306012BCE9EDD009FEC95 /* NC1 */ = {
			isa = PBXGroup;
			children = (
				FCE306022BCE9EDD009FEC95 /* NC1App.swift */,
				FCE306042BCE9EDD009FEC95 /* Calendar.swift */,
				FCE3062C2BCE9F48009FEC95 /* ListItem.swift */,
				FCE3062E2BCE9F6C009FEC95 /* SheetView.swift */,
				FCE306062BCE9EDF009FEC95 /* Assets.xcassets */,
				FCE306082BCE9EDF009FEC95 /* Preview Content */,
			);
			path = NC1;
			sourceTree = "<group>";
		};
		FCE306082BCE9EDF009FEC95 /* Preview Content */ = {
			isa = PBXGroup;
			children = (
				FCE306092BCE9EDF009FEC95 /* Preview Assets.xcassets */,
			);
			path = "Preview Content";
			sourceTree = "<group>";
		};
		FCE306122BCE9EDF009FEC95 /* NC1Tests */ = {
			isa = PBXGroup;
			children = (
				FCE306132BCE9EDF009FEC95 /* NC1Tests.swift */,
			);
			path = NC1Tests;
			sourceTree = "<group>";
		};
		FCE3061C2BCE9EDF009FEC95 /* NC1UITests */ = {
			isa = PBXGroup;
			children = (
				FCE3061D2BCE9EDF009FEC95 /* NC1UITests.swift */,
				FCE3061F2BCE9EDF009FEC95 /* NC1UITestsLaunchTests.swift */,
			);
			path = NC1UITests;
			sourceTree = "<group>";
		};
		FCE306352BCEA126009FEC95 /* NC1_W Watch App */ = {
			isa = PBXGroup;
			children = (
				FCE306362BCEA126009FEC95 /* NC1_WApp.swift */,
				FCE306382BCEA126009FEC95 /* SheetViewWatch.swift */,
				FCE306622BCEA173009FEC95 /* ListItemWatch.swift */,
				FCE3063A2BCEA128009FEC95 /* Assets.xcassets */,
				FCE3063C2BCEA128009FEC95 /* Preview Content */,
			);
			path = "NC1_W Watch App";
			sourceTree = "<group>";
		};
		FCE3063C2BCEA128009FEC95 /* Preview Content */ = {
			isa = PBXGroup;
			children = (
				FCE3063D2BCEA128009FEC95 /* Preview Assets.xcassets */,
			);
			path = "Preview Content";
			sourceTree = "<group>";
		};
		FCE306462BCEA128009FEC95 /* NC1_W Watch AppTests */ = {
			isa = PBXGroup;
			children = (
				FCE306472BCEA128009FEC95 /* NC1_W_Watch_AppTests.swift */,
			);
			path = "NC1_W Watch AppTests";
			sourceTree = "<group>";
		};
		FCE306502BCEA128009FEC95 /* NC1_W Watch AppUITests */ = {
			isa = PBXGroup;
			children = (
				FCE306512BCEA128009FEC95 /* NC1_W_Watch_AppUITests.swift */,
				FCE306532BCEA128009FEC95 /* NC1_W_Watch_AppUITestsLaunchTests.swift */,
			);
			path = "NC1_W Watch AppUITests";
			sourceTree = "<group>";
		};
/* End PBXGroup section */

/* Begin PBXNativeTarget section */
		FCE305FE2BCE9EDD009FEC95 /* NC1 */ = {
			isa = PBXNativeTarget;
			buildConfigurationList = FCE306232BCE9EDF009FEC95 /* Build configuration list for PBXNativeTarget "NC1" */;
			buildPhases = (
				FCE305FB2BCE9EDD009FEC95 /* Sources */,
				FCE305FC2BCE9EDD009FEC95 /* Frameworks */,
				FCE305FD2BCE9EDD009FEC95 /* Resources */,
				FCE3065B2BCEA128009FEC95 /* Embed Watch Content */,
			);
			buildRules = (
			);
			dependencies = (
				FCE306562BCEA128009FEC95 /* PBXTargetDependency */,
			);
			name = NC1;
			productName = NC1;
			productReference = FCE305FF2BCE9EDD009FEC95 /* NC1.app */;
			productType = "com.apple.product-type.application";
		};
		FCE3060E2BCE9EDF009FEC95 /* NC1Tests */ = {
			isa = PBXNativeTarget;
			buildConfigurationList = FCE306262BCE9EDF009FEC95 /* Build configuration list for PBXNativeTarget "NC1Tests" */;
			buildPhases = (
				FCE3060B2BCE9EDF009FEC95 /* Sources */,
				FCE3060C2BCE9EDF009FEC95 /* Frameworks */,
				FCE3060D2BCE9EDF009FEC95 /* Resources */,
			);
			buildRules = (
			);
			dependencies = (
				FCE306112BCE9EDF009FEC95 /* PBXTargetDependency */,
			);
			name = NC1Tests;
			productName = NC1Tests;
			productReference = FCE3060F2BCE9EDF009FEC95 /* NC1Tests.xctest */;
			productType = "com.apple.product-type.bundle.unit-test";
		};
		FCE306182BCE9EDF009FEC95 /* NC1UITests */ = {
			isa = PBXNativeTarget;
			buildConfigurationList = FCE306292BCE9EDF009FEC95 /* Build configuration list for PBXNativeTarget "NC1UITests" */;
			buildPhases = (
				FCE306152BCE9EDF009FEC95 /* Sources */,
				FCE306162BCE9EDF009FEC95 /* Frameworks */,
				FCE306172BCE9EDF009FEC95 /* Resources */,
			);
			buildRules = (
			);
			dependencies = (
				FCE3061B2BCE9EDF009FEC95 /* PBXTargetDependency */,
			);
			name = NC1UITests;
			productName = NC1UITests;
			productReference = FCE306192BCE9EDF009FEC95 /* NC1UITests.xctest */;
			productType = "com.apple.product-type.bundle.ui-testing";
		};
		FCE306332BCEA126009FEC95 /* NC1_W Watch App */ = {
			isa = PBXNativeTarget;
			buildConfigurationList = FCE306582BCEA128009FEC95 /* Build configuration list for PBXNativeTarget "NC1_W Watch App" */;
			buildPhases = (
				FCE306302BCEA126009FEC95 /* Sources */,
				FCE306312BCEA126009FEC95 /* Frameworks */,
				FCE306322BCEA126009FEC95 /* Resources */,
			);
			buildRules = (
			);
			dependencies = (
			);
			name = "NC1_W Watch App";
			productName = "NC1_W Watch App";
			productReference = FCE306342BCEA126009FEC95 /* NC1_W Watch App.app */;
			productType = "com.apple.product-type.application";
		};
		FCE306422BCEA128009FEC95 /* NC1_W Watch AppTests */ = {
			isa = PBXNativeTarget;
			buildConfigurationList = FCE3065C2BCEA128009FEC95 /* Build configuration list for PBXNativeTarget "NC1_W Watch AppTests" */;
			buildPhases = (
				FCE3063F2BCEA128009FEC95 /* Sources */,
				FCE306402BCEA128009FEC95 /* Frameworks */,
				FCE306412BCEA128009FEC95 /* Resources */,
			);
			buildRules = (
			);
			dependencies = (
				FCE306452BCEA128009FEC95 /* PBXTargetDependency */,
			);
			name = "NC1_W Watch AppTests";
			productName = "NC1_W Watch AppTests";
			productReference = FCE306432BCEA128009FEC95 /* NC1_W Watch AppTests.xctest */;
			productType = "com.apple.product-type.bundle.unit-test";
		};
		FCE3064C2BCEA128009FEC95 /* NC1_W Watch AppUITests */ = {
			isa = PBXNativeTarget;
			buildConfigurationList = FCE3065F2BCEA128009FEC95 /* Build configuration list for PBXNativeTarget "NC1_W Watch AppUITests" */;
			buildPhases = (
				FCE306492BCEA128009FEC95 /* Sources */,
				FCE3064A2BCEA128009FEC95 /* Frameworks */,
				FCE3064B2BCEA128009FEC95 /* Resources */,
			);
			buildRules = (
			);
			dependencies = (
				FCE3064F2BCEA128009FEC95 /* PBXTargetDependency */,
			);
			name = "NC1_W Watch AppUITests";
			productName = "NC1_W Watch AppUITests";
			productReference = FCE3064D2BCEA128009FEC95 /* NC1_W Watch AppUITests.xctest */;
			productType = "com.apple.product-type.bundle.ui-testing";
		};
/* End PBXNativeTarget section */

/* Begin PBXProject section */
		FCE305F72BCE9EDD009FEC95 /* Project object */ = {
			isa = PBXProject;
			attributes = {
				BuildIndependentTargetsInParallel = 1;
				LastSwiftUpdateCheck = 1530;
				LastUpgradeCheck = 1530;
				TargetAttributes = {
					FCE305FE2BCE9EDD009FEC95 = {
						CreatedOnToolsVersion = 15.3;
					};
					FCE3060E2BCE9EDF009FEC95 = {
						CreatedOnToolsVersion = 15.3;
						TestTargetID = FCE305FE2BCE9EDD009FEC95;
					};
					FCE306182BCE9EDF009FEC95 = {
						CreatedOnToolsVersion = 15.3;
						TestTargetID = FCE305FE2BCE9EDD009FEC95;
					};
					FCE306332BCEA126009FEC95 = {
						CreatedOnToolsVersion = 15.3;
					};
					FCE306422BCEA128009FEC95 = {
						CreatedOnToolsVersion = 15.3;
						TestTargetID = FCE306332BCEA126009FEC95;
					};
					FCE3064C2BCEA128009FEC95 = {
						CreatedOnToolsVersion = 15.3;
						TestTargetID = FCE306332BCEA126009FEC95;
					};
				};
			};
			buildConfigurationList = FCE305FA2BCE9EDD009FEC95 /* Build configuration list for PBXProject "NC1" */;
			compatibilityVersion = "Xcode 14.0";
			developmentRegion = en;
			hasScannedForEncodings = 0;
			knownRegions = (
				en,
				Base,
			);
			mainGroup = FCE305F62BCE9EDD009FEC95;
			productRefGroup = FCE306002BCE9EDD009FEC95 /* Products */;
			projectDirPath = "";
			projectRoot = "";
			targets = (
				FCE305FE2BCE9EDD009FEC95 /* NC1 */,
				FCE3060E2BCE9EDF009FEC95 /* NC1Tests */,
				FCE306182BCE9EDF009FEC95 /* NC1UITests */,
				FCE306332BCEA126009FEC95 /* NC1_W Watch App */,
				FCE306422BCEA128009FEC95 /* NC1_W Watch AppTests */,
				FCE3064C2BCEA128009FEC95 /* NC1_W Watch AppUITests */,
			);
		};
/* End PBXProject section */

/* Begin PBXResourcesBuildPhase section */
		FCE305FD2BCE9EDD009FEC95 /* Resources */ = {
			isa = PBXResourcesBuildPhase;
			buildActionMask = 2147483647;
			files = (
				FCE3060A2BCE9EDF009FEC95 /* Preview Assets.xcassets in Resources */,
				FCE306072BCE9EDF009FEC95 /* Assets.xcassets in Resources */,
			);
			runOnlyForDeploymentPostprocessing = 0;
		};
		FCE3060D2BCE9EDF009FEC95 /* Resources */ = {
			isa = PBXResourcesBuildPhase;
			buildActionMask = 2147483647;
			files = (
			);
			runOnlyForDeploymentPostprocessing = 0;
		};
		FCE306172BCE9EDF009FEC95 /* Resources */ = {
			isa = PBXResourcesBuildPhase;
			buildActionMask = 2147483647;
			files = (
			);
			runOnlyForDeploymentPostprocessing = 0;
		};
		FCE306322BCEA126009FEC95 /* Resources */ = {
			isa = PBXResourcesBuildPhase;
			buildActionMask = 2147483647;
			files = (
				FCE3063E2BCEA128009FEC95 /* Preview Assets.xcassets in Resources */,
				FCE3063B2BCEA128009FEC95 /* Assets.xcassets in Resources */,
			);
			runOnlyForDeploymentPostprocessing = 0;
		};
		FCE306412BCEA128009FEC95 /* Resources */ = {
			isa = PBXResourcesBuildPhase;
			buildActionMask = 2147483647;
			files = (
			);
			runOnlyForDeploymentPostprocessing = 0;
		};
		FCE3064B2BCEA128009FEC95 /* Resources */ = {
			isa = PBXResourcesBuildPhase;
			buildActionMask = 2147483647;
			files = (
			);
			runOnlyForDeploymentPostprocessing = 0;
		};
/* End PBXResourcesBuildPhase section */

/* Begin PBXSourcesBuildPhase section */
		FCE305FB2BCE9EDD009FEC95 /* Sources */ = {
			isa = PBXSourcesBuildPhase;
			buildActionMask = 2147483647;
			files = (
				FCE3062D2BCE9F48009FEC95 /* ListItem.swift in Sources */,
				FCE306052BCE9EDD009FEC95 /* Calendar.swift in Sources */,
				FCE3062F2BCE9F6C009FEC95 /* SheetView.swift in Sources */,
				FCE306032BCE9EDD009FEC95 /* NC1App.swift in Sources */,
			);
			runOnlyForDeploymentPostprocessing = 0;
		};
		FCE3060B2BCE9EDF009FEC95 /* Sources */ = {
			isa = PBXSourcesBuildPhase;
			buildActionMask = 2147483647;
			files = (
				FCE306142BCE9EDF009FEC95 /* NC1Tests.swift in Sources */,
			);
			runOnlyForDeploymentPostprocessing = 0;
		};
		FCE306152BCE9EDF009FEC95 /* Sources */ = {
			isa = PBXSourcesBuildPhase;
			buildActionMask = 2147483647;
			files = (
				FCE3061E2BCE9EDF009FEC95 /* NC1UITests.swift in Sources */,
				FCE306202BCE9EDF009FEC95 /* NC1UITestsLaunchTests.swift in Sources */,
			);
			runOnlyForDeploymentPostprocessing = 0;
		};
		FCE306302BCEA126009FEC95 /* Sources */ = {
			isa = PBXSourcesBuildPhase;
			buildActionMask = 2147483647;
			files = (
				FCE306642BD0E556009FEC95 /* ListItem.swift in Sources */,
				FCE306392BCEA126009FEC95 /* SheetViewWatch.swift in Sources */,
				FCE306632BCEA173009FEC95 /* ListItemWatch.swift in Sources */,
				FCE306372BCEA126009FEC95 /* NC1_WApp.swift in Sources */,
			);
			runOnlyForDeploymentPostprocessing = 0;
		};
		FCE3063F2BCEA128009FEC95 /* Sources */ = {
			isa = PBXSourcesBuildPhase;
			buildActionMask = 2147483647;
			files = (
				FCE306482BCEA128009FEC95 /* NC1_W_Watch_AppTests.swift in Sources */,
			);
			runOnlyForDeploymentPostprocessing = 0;
		};
		FCE306492BCEA128009FEC95 /* Sources */ = {
			isa = PBXSourcesBuildPhase;
			buildActionMask = 2147483647;
			files = (
				FCE306522BCEA128009FEC95 /* NC1_W_Watch_AppUITests.swift in Sources */,
				FCE306542BCEA128009FEC95 /* NC1_W_Watch_AppUITestsLaunchTests.swift in Sources */,
			);
			runOnlyForDeploymentPostprocessing = 0;
		};
/* End PBXSourcesBuildPhase section */

/* Begin PBXTargetDependency section */
		FCE306112BCE9EDF009FEC95 /* PBXTargetDependency */ = {
			isa = PBXTargetDependency;
			target = FCE305FE2BCE9EDD009FEC95 /* NC1 */;
			targetProxy = FCE306102BCE9EDF009FEC95 /* PBXContainerItemProxy */;
		};
		FCE3061B2BCE9EDF009FEC95 /* PBXTargetDependency */ = {
			isa = PBXTargetDependency;
			target = FCE305FE2BCE9EDD009FEC95 /* NC1 */;
			targetProxy = FCE3061A2BCE9EDF009FEC95 /* PBXContainerItemProxy */;
		};
		FCE306452BCEA128009FEC95 /* PBXTargetDependency */ = {
			isa = PBXTargetDependency;
			target = FCE306332BCEA126009FEC95 /* NC1_W Watch App */;
			targetProxy = FCE306442BCEA128009FEC95 /* PBXContainerItemProxy */;
		};
		FCE3064F2BCEA128009FEC95 /* PBXTargetDependency */ = {
			isa = PBXTargetDependency;
			target = FCE306332BCEA126009FEC95 /* NC1_W Watch App */;
			targetProxy = FCE3064E2BCEA128009FEC95 /* PBXContainerItemProxy */;
		};
		FCE306562BCEA128009FEC95 /* PBXTargetDependency */ = {
			isa = PBXTargetDependency;
			target = FCE306332BCEA126009FEC95 /* NC1_W Watch App */;
			targetProxy = FCE306552BCEA128009FEC95 /* PBXContainerItemProxy */;
		};
/* End PBXTargetDependency section */

/* Begin XCBuildConfiguration section */
		FCE306212BCE9EDF009FEC95 /* Debug */ = {
			isa = XCBuildConfiguration;
			buildSettings = {
				ALWAYS_SEARCH_USER_PATHS = NO;
				ASSETCATALOG_COMPILER_GENERATE_SWIFT_ASSET_SYMBOL_EXTENSIONS = YES;
				CLANG_ANALYZER_NONNULL = YES;
				CLANG_ANALYZER_NUMBER_OBJECT_CONVERSION = YES_AGGRESSIVE;
				CLANG_CXX_LANGUAGE_STANDARD = "gnu++20";
				CLANG_ENABLE_MODULES = YES;
				CLANG_ENABLE_OBJC_ARC = YES;
				CLANG_ENABLE_OBJC_WEAK = YES;
				CLANG_WARN_BLOCK_CAPTURE_AUTORELEASING = YES;
				CLANG_WARN_BOOL_CONVERSION = YES;
				CLANG_WARN_COMMA = YES;
				CLANG_WARN_CONSTANT_CONVERSION = YES;
				CLANG_WARN_DEPRECATED_OBJC_IMPLEMENTATIONS = YES;
				CLANG_WARN_DIRECT_OBJC_ISA_USAGE = YES_ERROR;
				CLANG_WARN_DOCUMENTATION_COMMENTS = YES;
				CLANG_WARN_EMPTY_BODY = YES;
				CLANG_WARN_ENUM_CONVERSION = YES;
				CLANG_WARN_INFINITE_RECURSION = YES;
				CLANG_WARN_INT_CONVERSION = YES;
				CLANG_WARN_NON_LITERAL_NULL_CONVERSION = YES;
				CLANG_WARN_OBJC_IMPLICIT_RETAIN_SELF = YES;
				CLANG_WARN_OBJC_LITERAL_CONVERSION = YES;
				CLANG_WARN_OBJC_ROOT_CLASS = YES_ERROR;
				CLANG_WARN_QUOTED_INCLUDE_IN_FRAMEWORK_HEADER = YES;
				CLANG_WARN_RANGE_LOOP_ANALYSIS = YES;
				CLANG_WARN_STRICT_PROTOTYPES = YES;
				CLANG_WARN_SUSPICIOUS_MOVE = YES;
				CLANG_WARN_UNGUARDED_AVAILABILITY = YES_AGGRESSIVE;
				CLANG_WARN_UNREACHABLE_CODE = YES;
				CLANG_WARN__DUPLICATE_METHOD_MATCH = YES;
				COPY_PHASE_STRIP = NO;
				DEBUG_INFORMATION_FORMAT = dwarf;
				ENABLE_STRICT_OBJC_MSGSEND = YES;
				ENABLE_TESTABILITY = YES;
				ENABLE_USER_SCRIPT_SANDBOXING = YES;
				GCC_C_LANGUAGE_STANDARD = gnu17;
				GCC_DYNAMIC_NO_PIC = NO;
				GCC_NO_COMMON_BLOCKS = YES;
				GCC_OPTIMIZATION_LEVEL = 0;
				GCC_PREPROCESSOR_DEFINITIONS = (
					"DEBUG=1",
					"$(inherited)",
				);
				GCC_WARN_64_TO_32_BIT_CONVERSION = YES;
				GCC_WARN_ABOUT_RETURN_TYPE = YES_ERROR;
				GCC_WARN_UNDECLARED_SELECTOR = YES;
				GCC_WARN_UNINITIALIZED_AUTOS = YES_AGGRESSIVE;
				GCC_WARN_UNUSED_FUNCTION = YES;
				GCC_WARN_UNUSED_VARIABLE = YES;
				IPHONEOS_DEPLOYMENT_TARGET = 17.4;
				LOCALIZATION_PREFERS_STRING_CATALOGS = YES;
				MTL_ENABLE_DEBUG_INFO = INCLUDE_SOURCE;
				MTL_FAST_MATH = YES;
				ONLY_ACTIVE_ARCH = YES;
				SDKROOT = iphoneos;
				SWIFT_ACTIVE_COMPILATION_CONDITIONS = "DEBUG $(inherited)";
				SWIFT_OPTIMIZATION_LEVEL = "-Onone";
			};
			name = Debug;
		};
		FCE306222BCE9EDF009FEC95 /* Release */ = {
			isa = XCBuildConfiguration;
			buildSettings = {
				ALWAYS_SEARCH_USER_PATHS = NO;
				ASSETCATALOG_COMPILER_GENERATE_SWIFT_ASSET_SYMBOL_EXTENSIONS = YES;
				CLANG_ANALYZER_NONNULL = YES;
				CLANG_ANALYZER_NUMBER_OBJECT_CONVERSION = YES_AGGRESSIVE;
				CLANG_CXX_LANGUAGE_STANDARD = "gnu++20";
				CLANG_ENABLE_MODULES = YES;
				CLANG_ENABLE_OBJC_ARC = YES;
				CLANG_ENABLE_OBJC_WEAK = YES;
				CLANG_WARN_BLOCK_CAPTURE_AUTORELEASING = YES;
				CLANG_WARN_BOOL_CONVERSION = YES;
				CLANG_WARN_COMMA = YES;
				CLANG_WARN_CONSTANT_CONVERSION = YES;
				CLANG_WARN_DEPRECATED_OBJC_IMPLEMENTATIONS = YES;
				CLANG_WARN_DIRECT_OBJC_ISA_USAGE = YES_ERROR;
				CLANG_WARN_DOCUMENTATION_COMMENTS = YES;
				CLANG_WARN_EMPTY_BODY = YES;
				CLANG_WARN_ENUM_CONVERSION = YES;
				CLANG_WARN_INFINITE_RECURSION = YES;
				CLANG_WARN_INT_CONVERSION = YES;
				CLANG_WARN_NON_LITERAL_NULL_CONVERSION = YES;
				CLANG_WARN_OBJC_IMPLICIT_RETAIN_SELF = YES;
				CLANG_WARN_OBJC_LITERAL_CONVERSION = YES;
				CLANG_WARN_OBJC_ROOT_CLASS = YES_ERROR;
				CLANG_WARN_QUOTED_INCLUDE_IN_FRAMEWORK_HEADER = YES;
				CLANG_WARN_RANGE_LOOP_ANALYSIS = YES;
				CLANG_WARN_STRICT_PROTOTYPES = YES;
				CLANG_WARN_SUSPICIOUS_MOVE = YES;
				CLANG_WARN_UNGUARDED_AVAILABILITY = YES_AGGRESSIVE;
				CLANG_WARN_UNREACHABLE_CODE = YES;
				CLANG_WARN__DUPLICATE_METHOD_MATCH = YES;
				COPY_PHASE_STRIP = NO;
				DEBUG_INFORMATION_FORMAT = "dwarf-with-dsym";
				ENABLE_NS_ASSERTIONS = NO;
				ENABLE_STRICT_OBJC_MSGSEND = YES;
				ENABLE_USER_SCRIPT_SANDBOXING = YES;
				GCC_C_LANGUAGE_STANDARD = gnu17;
				GCC_NO_COMMON_BLOCKS = YES;
				GCC_WARN_64_TO_32_BIT_CONVERSION = YES;
				GCC_WARN_ABOUT_RETURN_TYPE = YES_ERROR;
				GCC_WARN_UNDECLARED_SELECTOR = YES;
				GCC_WARN_UNINITIALIZED_AUTOS = YES_AGGRESSIVE;
				GCC_WARN_UNUSED_FUNCTION = YES;
				GCC_WARN_UNUSED_VARIABLE = YES;
				IPHONEOS_DEPLOYMENT_TARGET = 17.4;
				LOCALIZATION_PREFERS_STRING_CATALOGS = YES;
				MTL_ENABLE_DEBUG_INFO = NO;
				MTL_FAST_MATH = YES;
				SDKROOT = iphoneos;
				SWIFT_COMPILATION_MODE = wholemodule;
				VALIDATE_PRODUCT = YES;
			};
			name = Release;
		};
		FCE306242BCE9EDF009FEC95 /* Debug */ = {
			isa = XCBuildConfiguration;
			buildSettings = {
				ALWAYS_EMBED_SWIFT_STANDARD_LIBRARIES = YES;
				ASSETCATALOG_COMPILER_APPICON_NAME = AppIcon;
				ASSETCATALOG_COMPILER_GLOBAL_ACCENT_COLOR_NAME = AccentColor;
				CODE_SIGN_STYLE = Automatic;
				CURRENT_PROJECT_VERSION = 1;
				DEVELOPMENT_ASSET_PATHS = "\"NC1/Preview Content\"";
				ENABLE_PREVIEWS = YES;
				GENERATE_INFOPLIST_FILE = YES;
				INFOPLIST_KEY_UIApplicationSceneManifest_Generation = YES;
				INFOPLIST_KEY_UIApplicationSupportsIndirectInputEvents = YES;
				INFOPLIST_KEY_UILaunchScreen_Generation = YES;
				INFOPLIST_KEY_UISupportedInterfaceOrientations_iPad = "UIInterfaceOrientationPortrait UIInterfaceOrientationPortraitUpsideDown UIInterfaceOrientationLandscapeLeft UIInterfaceOrientationLandscapeRight";
				INFOPLIST_KEY_UISupportedInterfaceOrientations_iPhone = "UIInterfaceOrientationPortrait UIInterfaceOrientationLandscapeLeft UIInterfaceOrientationLandscapeRight";
				LD_RUNPATH_SEARCH_PATHS = (
					"$(inherited)",
					"@executable_path/Frameworks",
				);
				MARKETING_VERSION = 1.0;
				PRODUCT_BUNDLE_IDENTIFIER = "com.exmaple.apple-samplecode.NC1";
				PRODUCT_NAME = "$(TARGET_NAME)";
				SWIFT_EMIT_LOC_STRINGS = YES;
				SWIFT_VERSION = 5.0;
				TARGETED_DEVICE_FAMILY = "1,2";
			};
			name = Debug;
		};
		FCE306252BCE9EDF009FEC95 /* Release */ = {
			isa = XCBuildConfiguration;
			buildSettings = {
				ALWAYS_EMBED_SWIFT_STANDARD_LIBRARIES = YES;
				ASSETCATALOG_COMPILER_APPICON_NAME = AppIcon;
				ASSETCATALOG_COMPILER_GLOBAL_ACCENT_COLOR_NAME = AccentColor;
				CODE_SIGN_STYLE = Automatic;
				CURRENT_PROJECT_VERSION = 1;
				DEVELOPMENT_ASSET_PATHS = "\"NC1/Preview Content\"";
				ENABLE_PREVIEWS = YES;
				GENERATE_INFOPLIST_FILE = YES;
				INFOPLIST_KEY_UIApplicationSceneManifest_Generation = YES;
				INFOPLIST_KEY_UIApplicationSupportsIndirectInputEvents = YES;
				INFOPLIST_KEY_UILaunchScreen_Generation = YES;
				INFOPLIST_KEY_UISupportedInterfaceOrientations_iPad = "UIInterfaceOrientationPortrait UIInterfaceOrientationPortraitUpsideDown UIInterfaceOrientationLandscapeLeft UIInterfaceOrientationLandscapeRight";
				INFOPLIST_KEY_UISupportedInterfaceOrientations_iPhone = "UIInterfaceOrientationPortrait UIInterfaceOrientationLandscapeLeft UIInterfaceOrientationLandscapeRight";
				LD_RUNPATH_SEARCH_PATHS = (
					"$(inherited)",
					"@executable_path/Frameworks",
				);
				MARKETING_VERSION = 1.0;
				PRODUCT_BUNDLE_IDENTIFIER = "com.exmaple.apple-samplecode.NC1";
				PRODUCT_NAME = "$(TARGET_NAME)";
				SWIFT_EMIT_LOC_STRINGS = YES;
				SWIFT_VERSION = 5.0;
				TARGETED_DEVICE_FAMILY = "1,2";
			};
			name = Release;
		};
		FCE306272BCE9EDF009FEC95 /* Debug */ = {
			isa = XCBuildConfiguration;
			buildSettings = {
				ALWAYS_EMBED_SWIFT_STANDARD_LIBRARIES = YES;
				BUNDLE_LOADER = "$(TEST_HOST)";
				CODE_SIGN_STYLE = Automatic;
				CURRENT_PROJECT_VERSION = 1;
				GENERATE_INFOPLIST_FILE = YES;
				IPHONEOS_DEPLOYMENT_TARGET = 17.4;
				MARKETING_VERSION = 1.0;
				PRODUCT_BUNDLE_IDENTIFIER = "com.exmaple.apple-samplecode.NC1Tests";
				PRODUCT_NAME = "$(TARGET_NAME)";
				SWIFT_EMIT_LOC_STRINGS = NO;
				SWIFT_VERSION = 5.0;
				TARGETED_DEVICE_FAMILY = "1,2";
				TEST_HOST = "$(BUILT_PRODUCTS_DIR)/NC1.app/$(BUNDLE_EXECUTABLE_FOLDER_PATH)/NC1";
			};
			name = Debug;
		};
		FCE306282BCE9EDF009FEC95 /* Release */ = {
			isa = XCBuildConfiguration;
			buildSettings = {
				ALWAYS_EMBED_SWIFT_STANDARD_LIBRARIES = YES;
				BUNDLE_LOADER = "$(TEST_HOST)";
				CODE_SIGN_STYLE = Automatic;
				CURRENT_PROJECT_VERSION = 1;
				GENERATE_INFOPLIST_FILE = YES;
				IPHONEOS_DEPLOYMENT_TARGET = 17.4;
				MARKETING_VERSION = 1.0;
				PRODUCT_BUNDLE_IDENTIFIER = "com.exmaple.apple-samplecode.NC1Tests";
				PRODUCT_NAME = "$(TARGET_NAME)";
				SWIFT_EMIT_LOC_STRINGS = NO;
				SWIFT_VERSION = 5.0;
				TARGETED_DEVICE_FAMILY = "1,2";
				TEST_HOST = "$(BUILT_PRODUCTS_DIR)/NC1.app/$(BUNDLE_EXECUTABLE_FOLDER_PATH)/NC1";
			};
			name = Release;
		};
		FCE3062A2BCE9EDF009FEC95 /* Debug */ = {
			isa = XCBuildConfiguration;
			buildSettings = {
				ALWAYS_EMBED_SWIFT_STANDARD_LIBRARIES = YES;
				CODE_SIGN_STYLE = Automatic;
				CURRENT_PROJECT_VERSION = 1;
				GENERATE_INFOPLIST_FILE = YES;
				MARKETING_VERSION = 1.0;
				PRODUCT_BUNDLE_IDENTIFIER = "com.exmaple.apple-samplecode.NC1UITests";
				PRODUCT_NAME = "$(TARGET_NAME)";
				SWIFT_EMIT_LOC_STRINGS = NO;
				SWIFT_VERSION = 5.0;
				TARGETED_DEVICE_FAMILY = "1,2";
				TEST_TARGET_NAME = NC1;
			};
			name = Debug;
		};
		FCE3062B2BCE9EDF009FEC95 /* Release */ = {
			isa = XCBuildConfiguration;
			buildSettings = {
				ALWAYS_EMBED_SWIFT_STANDARD_LIBRARIES = YES;
				CODE_SIGN_STYLE = Automatic;
				CURRENT_PROJECT_VERSION = 1;
				GENERATE_INFOPLIST_FILE = YES;
				MARKETING_VERSION = 1.0;
				PRODUCT_BUNDLE_IDENTIFIER = "com.exmaple.apple-samplecode.NC1UITests";
				PRODUCT_NAME = "$(TARGET_NAME)";
				SWIFT_EMIT_LOC_STRINGS = NO;
				SWIFT_VERSION = 5.0;
				TARGETED_DEVICE_FAMILY = "1,2";
				TEST_TARGET_NAME = NC1;
			};
			name = Release;
		};
		FCE306592BCEA128009FEC95 /* Debug */ = {
			isa = XCBuildConfiguration;
			buildSettings = {
				ASSETCATALOG_COMPILER_APPICON_NAME = AppIcon;
				ASSETCATALOG_COMPILER_GLOBAL_ACCENT_COLOR_NAME = AccentColor;
				CODE_SIGN_STYLE = Automatic;
				CURRENT_PROJECT_VERSION = 1;
				DEVELOPMENT_ASSET_PATHS = "\"NC1_W Watch App/Preview Content\"";
				ENABLE_PREVIEWS = YES;
				GENERATE_INFOPLIST_FILE = YES;
				INFOPLIST_KEY_CFBundleDisplayName = NC1_W;
				INFOPLIST_KEY_UISupportedInterfaceOrientations = "UIInterfaceOrientationPortrait UIInterfaceOrientationPortraitUpsideDown";
				INFOPLIST_KEY_WKCompanionAppBundleIdentifier = "com.exmaple.apple-samplecode.NC1";
				LD_RUNPATH_SEARCH_PATHS = (
					"$(inherited)",
					"@executable_path/Frameworks",
				);
				MARKETING_VERSION = 1.0;
				PRODUCT_BUNDLE_IDENTIFIER = "com.exmaple.apple-samplecode.NC1.watchkitapp";
				PRODUCT_NAME = "$(TARGET_NAME)";
				SDKROOT = watchos;
				SKIP_INSTALL = YES;
				SWIFT_EMIT_LOC_STRINGS = YES;
				SWIFT_VERSION = 5.0;
				TARGETED_DEVICE_FAMILY = 4;
				WATCHOS_DEPLOYMENT_TARGET = 10.4;
			};
			name = Debug;
		};
		FCE3065A2BCEA128009FEC95 /* Release */ = {
			isa = XCBuildConfiguration;
			buildSettings = {
				ASSETCATALOG_COMPILER_APPICON_NAME = AppIcon;
				ASSETCATALOG_COMPILER_GLOBAL_ACCENT_COLOR_NAME = AccentColor;
				CODE_SIGN_STYLE = Automatic;
				CURRENT_PROJECT_VERSION = 1;
				DEVELOPMENT_ASSET_PATHS = "\"NC1_W Watch App/Preview Content\"";
				ENABLE_PREVIEWS = YES;
				GENERATE_INFOPLIST_FILE = YES;
				INFOPLIST_KEY_CFBundleDisplayName = NC1_W;
				INFOPLIST_KEY_UISupportedInterfaceOrientations = "UIInterfaceOrientationPortrait UIInterfaceOrientationPortraitUpsideDown";
				INFOPLIST_KEY_WKCompanionAppBundleIdentifier = "com.exmaple.apple-samplecode.NC1";
				LD_RUNPATH_SEARCH_PATHS = (
					"$(inherited)",
					"@executable_path/Frameworks",
				);
				MARKETING_VERSION = 1.0;
				PRODUCT_BUNDLE_IDENTIFIER = "com.exmaple.apple-samplecode.NC1.watchkitapp";
				PRODUCT_NAME = "$(TARGET_NAME)";
				SDKROOT = watchos;
				SKIP_INSTALL = YES;
				SWIFT_EMIT_LOC_STRINGS = YES;
				SWIFT_VERSION = 5.0;
				TARGETED_DEVICE_FAMILY = 4;
				WATCHOS_DEPLOYMENT_TARGET = 10.4;
			};
			name = Release;
		};
		FCE3065D2BCEA128009FEC95 /* Debug */ = {
			isa = XCBuildConfiguration;
			buildSettings = {
				ALWAYS_EMBED_SWIFT_STANDARD_LIBRARIES = YES;
				BUNDLE_LOADER = "$(TEST_HOST)";
				CODE_SIGN_STYLE = Automatic;
				CURRENT_PROJECT_VERSION = 1;
				GENERATE_INFOPLIST_FILE = YES;
				MARKETING_VERSION = 1.0;
				PRODUCT_BUNDLE_IDENTIFIER = "com.exmaple.apple-samplecode.NC1-W-Watch-AppTests";
				PRODUCT_NAME = "$(TARGET_NAME)";
				SDKROOT = watchos;
				SWIFT_EMIT_LOC_STRINGS = NO;
				SWIFT_VERSION = 5.0;
				TARGETED_DEVICE_FAMILY = 4;
				TEST_HOST = "$(BUILT_PRODUCTS_DIR)/NC1_W Watch App.app/$(BUNDLE_EXECUTABLE_FOLDER_PATH)/NC1_W Watch App";
				WATCHOS_DEPLOYMENT_TARGET = 10.4;
			};
			name = Debug;
		};
		FCE3065E2BCEA128009FEC95 /* Release */ = {
			isa = XCBuildConfiguration;
			buildSettings = {
				ALWAYS_EMBED_SWIFT_STANDARD_LIBRARIES = YES;
				BUNDLE_LOADER = "$(TEST_HOST)";
				CODE_SIGN_STYLE = Automatic;
				CURRENT_PROJECT_VERSION = 1;
				GENERATE_INFOPLIST_FILE = YES;
				MARKETING_VERSION = 1.0;
				PRODUCT_BUNDLE_IDENTIFIER = "com.exmaple.apple-samplecode.NC1-W-Watch-AppTests";
				PRODUCT_NAME = "$(TARGET_NAME)";
				SDKROOT = watchos;
				SWIFT_EMIT_LOC_STRINGS = NO;
				SWIFT_VERSION = 5.0;
				TARGETED_DEVICE_FAMILY = 4;
				TEST_HOST = "$(BUILT_PRODUCTS_DIR)/NC1_W Watch App.app/$(BUNDLE_EXECUTABLE_FOLDER_PATH)/NC1_W Watch App";
				WATCHOS_DEPLOYMENT_TARGET = 10.4;
			};
			name = Release;
		};
		FCE306602BCEA128009FEC95 /* Debug */ = {
			isa = XCBuildConfiguration;
			buildSettings = {
				ALWAYS_EMBED_SWIFT_STANDARD_LIBRARIES = YES;
				CODE_SIGN_STYLE = Automatic;
				CURRENT_PROJECT_VERSION = 1;
				GENERATE_INFOPLIST_FILE = YES;
				MARKETING_VERSION = 1.0;
				PRODUCT_BUNDLE_IDENTIFIER = "com.exmaple.apple-samplecode.NC1-W-Watch-AppUITests";
				PRODUCT_NAME = "$(TARGET_NAME)";
				SDKROOT = watchos;
				SWIFT_EMIT_LOC_STRINGS = NO;
				SWIFT_VERSION = 5.0;
				TARGETED_DEVICE_FAMILY = 4;
				TEST_TARGET_NAME = "NC1_W Watch App";
				WATCHOS_DEPLOYMENT_TARGET = 10.4;
			};
			name = Debug;
		};
		FCE306612BCEA128009FEC95 /* Release */ = {
			isa = XCBuildConfiguration;
			buildSettings = {
				ALWAYS_EMBED_SWIFT_STANDARD_LIBRARIES = YES;
				CODE_SIGN_STYLE = Automatic;
				CURRENT_PROJECT_VERSION = 1;
				GENERATE_INFOPLIST_FILE = YES;
				MARKETING_VERSION = 1.0;
				PRODUCT_BUNDLE_IDENTIFIER = "com.exmaple.apple-samplecode.NC1-W-Watch-AppUITests";
				PRODUCT_NAME = "$(TARGET_NAME)";
				SDKROOT = watchos;
				SWIFT_EMIT_LOC_STRINGS = NO;
				SWIFT_VERSION = 5.0;
				TARGETED_DEVICE_FAMILY = 4;
				TEST_TARGET_NAME = "NC1_W Watch App";
				WATCHOS_DEPLOYMENT_TARGET = 10.4;
			};
			name = Release;
		};
/* End XCBuildConfiguration section */

/* Begin XCConfigurationList section */
		FCE305FA2BCE9EDD009FEC95 /* Build configuration list for PBXProject "NC1" */ = {
			isa = XCConfigurationList;
			buildConfigurations = (
				FCE306212BCE9EDF009FEC95 /* Debug */,
				FCE306222BCE9EDF009FEC95 /* Release */,
			);
			defaultConfigurationIsVisible = 0;
			defaultConfigurationName = Release;
		};
		FCE306232BCE9EDF009FEC95 /* Build configuration list for PBXNativeTarget "NC1" */ = {
			isa = XCConfigurationList;
			buildConfigurations = (
				FCE306242BCE9EDF009FEC95 /* Debug */,
				FCE306252BCE9EDF009FEC95 /* Release */,
			);
			defaultConfigurationIsVisible = 0;
			defaultConfigurationName = Release;
		};
		FCE306262BCE9EDF009FEC95 /* Build configuration list for PBXNativeTarget "NC1Tests" */ = {
			isa = XCConfigurationList;
			buildConfigurations = (
				FCE306272BCE9EDF009FEC95 /* Debug */,
				FCE306282BCE9EDF009FEC95 /* Release */,
			);
			defaultConfigurationIsVisible = 0;
			defaultConfigurationName = Release;
		};
		FCE306292BCE9EDF009FEC95 /* Build configuration list for PBXNativeTarget "NC1UITests" */ = {
			isa = XCConfigurationList;
			buildConfigurations = (
				FCE3062A2BCE9EDF009FEC95 /* Debug */,
				FCE3062B2BCE9EDF009FEC95 /* Release */,
			);
			defaultConfigurationIsVisible = 0;
			defaultConfigurationName = Release;
		};
		FCE306582BCEA128009FEC95 /* Build configuration list for PBXNativeTarget "NC1_W Watch App" */ = {
			isa = XCConfigurationList;
			buildConfigurations = (
				FCE306592BCEA128009FEC95 /* Debug */,
				FCE3065A2BCEA128009FEC95 /* Release */,
			);
			defaultConfigurationIsVisible = 0;
			defaultConfigurationName = Release;
		};
		FCE3065C2BCEA128009FEC95 /* Build configuration list for PBXNativeTarget "NC1_W Watch AppTests" */ = {
			isa = XCConfigurationList;
			buildConfigurations = (
				FCE3065D2BCEA128009FEC95 /* Debug */,
				FCE3065E2BCEA128009FEC95 /* Release */,
			);
			defaultConfigurationIsVisible = 0;
			defaultConfigurationName = Release;
		};
		FCE3065F2BCEA128009FEC95 /* Build configuration list for PBXNativeTarget "NC1_W Watch AppUITests" */ = {
			isa = XCConfigurationList;
			buildConfigurations = (
				FCE306602BCEA128009FEC95 /* Debug */,
				FCE306612BCEA128009FEC95 /* Release */,
			);
			defaultConfigurationIsVisible = 0;
			defaultConfigurationName = Release;
		};
/* End XCConfigurationList section */
	};
	rootObject = FCE305F72BCE9EDD009FEC95 /* Project object */;
}
